{
  "name": "@jjz-ui/sform",
  "version": "1.1.1",
  "lockfileVersion": 1,
  "requires": true,
  "dependencies": {
    "@babel/runtime": {
      "version": "7.19.0",
      "resolved": "https://registry.npmjs.org/@babel/runtime/-/runtime-7.19.0.tgz",
      "integrity": "sha512-eR8Lo9hnDS7tqkO7NsV+mKvCmv5boaXFSZ70DnfhcgiEne8hv9oCEd36Klw74EtizEqLsy4YnW8UWwpBVolHZA==",
      "requires": {
        "regenerator-runtime": "^0.13.4"
      }
    },
    "@formily/antd": {
      "version": "2.2.6",
      "resolved": "https://registry.npmjs.org/@formily/antd/-/antd-2.2.6.tgz",
      "integrity": "sha512-FGnP+huivsSG/b6E5xb46nmRqfJlLrimIuAzeg0xbR6gJcByT17ParXf/xN1EDnAPeqD683JhFfFY/TwQeN4bQ==",
      "requires": {
        "@formily/core": "2.2.6",
        "@formily/grid": "2.2.6",
        "@formily/json-schema": "2.2.6",
        "@formily/react": "2.2.6",
        "@formily/reactive": "2.2.6",
        "@formily/reactive-react": "2.2.6",
        "@formily/shared": "2.2.6",
        "classnames": "^2.2.6",
        "react-sortable-hoc": "^1.11.0",
        "react-sticky-box": "^0.9.3"
      }
    },
    "@formily/core": {
      "version": "2.2.6",
      "resolved": "https://registry.npmjs.org/@formily/core/-/core-2.2.6.tgz",
      "integrity": "sha512-T4wKRzTQx/a8NC+N1WQSU+Dd8FCWr5dWdX6lrF3KsamLwIRxg4UZsfxCQMUjgrVPj3lFOHouXTxdFDR2YlGyVw==",
      "requires": {
        "@formily/reactive": "2.2.6",
        "@formily/shared": "2.2.6",
        "@formily/validator": "2.2.6"
      }
    },
    "@formily/grid": {
      "version": "2.2.6",
      "resolved": "https://registry.npmjs.org/@formily/grid/-/grid-2.2.6.tgz",
      "integrity": "sha512-YNIbEP5E22taHJhnCogP5XDS/8YoKbdpGNG1nkMABKZfW7YLoRvmKbd9Yh8FYt5crmOBx9U2Y6I60ObJxyB0Qw==",
      "requires": {
        "@formily/reactive": "2.2.6",
        "@juggle/resize-observer": "^3.3.1"
      }
    },
    "@formily/json-schema": {
      "version": "2.2.6",
      "resolved": "https://registry.npmjs.org/@formily/json-schema/-/json-schema-2.2.6.tgz",
      "integrity": "sha512-Bw4VemZZ4iu4hk8uoLIIWS1G/x1EaeC/Exu7PY1pgxFzFOELvV2/cIrHQKGxvyKEA2NG+V1FfQ+O1qtEwNi2bg==",
      "requires": {
        "@formily/core": "2.2.6",
        "@formily/reactive": "2.2.6",
        "@formily/shared": "2.2.6"
      }
    },
    "@formily/path": {
      "version": "2.2.6",
      "resolved": "https://registry.npmjs.org/@formily/path/-/path-2.2.6.tgz",
      "integrity": "sha512-o9lbDyS9hPFoIZayvPv+QHqxrs7lkYTn/LUnyJCLWRIEJ5OAmDr+SB6AkJkGGyxhrW17VR+lmMs9Oc0FQ1+Y5w=="
    },
    "@formily/react": {
      "version": "2.2.6",
      "resolved": "https://registry.npmjs.org/@formily/react/-/react-2.2.6.tgz",
      "integrity": "sha512-G7+8j/pU2z4/pTgejrdBvBuDojc1prdbOKILKBfuw9DdAsnHfRejBgUGzT5iUwV1WlcXcHjnkG/cGYjZHkkU8g==",
      "requires": {
        "@formily/core": "2.2.6",
        "@formily/json-schema": "2.2.6",
        "@formily/reactive": "2.2.6",
        "@formily/reactive-react": "2.2.6",
        "@formily/shared": "2.2.6",
        "@formily/validator": "2.2.6",
        "hoist-non-react-statics": "^3.3.2"
      }
    },
    "@formily/reactive": {
      "version": "2.2.6",
      "resolved": "https://registry.npmjs.org/@formily/reactive/-/reactive-2.2.6.tgz",
      "integrity": "sha512-I2ABZmjNJYEE9s4A1vbqbofJUiGwMZ/JCXvG2zo+XiEZBPyLpYPLiwX6W+SzMbQ+87GBsTilrCS0NDemMsJcsA=="
    },
    "@formily/reactive-react": {
      "version": "2.2.6",
      "resolved": "https://registry.npmjs.org/@formily/reactive-react/-/reactive-react-2.2.6.tgz",
      "integrity": "sha512-mCZm9xdO8S0fmhigBPPYfhdsoytYP5mH7VjkpO6iRJC0NgCW+4IaGW6rMlzoLyeWKtLDRBOjpvtT2yqWeHk03A==",
      "requires": {
        "@formily/reactive": "2.2.6",
        "hoist-non-react-statics": "^3.3.2"
      }
    },
    "@formily/shared": {
      "version": "2.2.6",
      "resolved": "https://registry.npmjs.org/@formily/shared/-/shared-2.2.6.tgz",
      "integrity": "sha512-AmG5lZEzXCkmqIbRpk2hNSS54x8Ef86nGowBQulqu9mNfk+THurqC96bs9H5tnTpxJUUqzTraeiw0XCWaqwOlg==",
      "requires": {
        "@formily/path": "2.2.6",
        "camel-case": "^4.1.1",
        "lower-case": "^2.0.1",
        "no-case": "^3.0.4",
        "param-case": "^3.0.4",
        "pascal-case": "^3.1.1",
        "upper-case": "^2.0.1"
      }
    },
    "@formily/validator": {
      "version": "2.2.6",
      "resolved": "https://registry.npmjs.org/@formily/validator/-/validator-2.2.6.tgz",
      "integrity": "sha512-ikETpFXgSvTq1OPE4GFQ584YDKxQv5hSx+kTAo+jJcpbi5kF0DiPMP6oGtNbw4ty2UUNqAg+HtgMWsjTJ3OyXQ==",
      "requires": {
        "@formily/shared": "2.2.6"
      }
    },
    "@juggle/resize-observer": {
      "version": "3.4.0",
      "resolved": "https://registry.npmjs.org/@juggle/resize-observer/-/resize-observer-3.4.0.tgz",
      "integrity": "sha512-dfLbk+PwWvFzSxwk3n5ySL0hfBog779o8h68wK/7/APo/7cgyWp5jcXockbxdk5kFRkbeXWm4Fbi9FrdN381sA=="
    },
    "camel-case": {
      "version": "4.1.2",
      "resolved": "https://registry.npmjs.org/camel-case/-/camel-case-4.1.2.tgz",
      "integrity": "sha512-gxGWBrTT1JuMx6R+o5PTXMmUnhnVzLQ9SNutD4YqKtI6ap897t3tKECYla6gCWEkplXnlNybEkZg9GEGxKFCgw==",
      "requires": {
        "pascal-case": "^3.1.2",
        "tslib": "^2.0.3"
      }
    },
    "classnames": {
      "version": "2.3.2",
      "resolved": "https://registry.npmjs.org/classnames/-/classnames-2.3.2.tgz",
      "integrity": "sha512-CSbhY4cFEJRe6/GQzIk5qXZ4Jeg5pcsP7b5peFSDpffpe1cqjASH/n9UTjBwOp6XpMSTwQ8Za2K5V02ueA7Tmw=="
    },
    "dot-case": {
      "version": "3.0.4",
      "resolved": "https://registry.npmjs.org/dot-case/-/dot-case-3.0.4.tgz",
      "integrity": "sha512-Kv5nKlh6yRrdrGvxeJ2e5y2eRUpkUosIW4A2AS38zwSz27zu7ufDwQPi5Jhs3XAlGNetl3bmnGhQsMtkKJnj3w==",
      "requires": {
        "no-case": "^3.0.4",
        "tslib": "^2.0.3"
      }
    },
    "hoist-non-react-statics": {
      "version": "3.3.2",
      "resolved": "https://registry.npmjs.org/hoist-non-react-statics/-/hoist-non-react-statics-3.3.2.tgz",
      "integrity": "sha512-/gGivxi8JPKWNm/W0jSmzcMPpfpPLc3dY/6GxhX2hQ9iGj3aDfklV4ET7NjKpSinLpJ5vafa9iiGIEZg10SfBw==",
      "requires": {
        "react-is": "^16.7.0"
      }
    },
    "invariant": {
      "version": "2.2.4",
      "resolved": "https://registry.npmjs.org/invariant/-/invariant-2.2.4.tgz",
      "integrity": "sha512-phJfQVBuaJM5raOpJjSfkiD6BpbCE4Ns//LaXl6wGYtUBY83nWS6Rf9tXm2e8VaK60JEjYldbPif/A2B1C2gNA==",
      "requires": {
        "loose-envify": "^1.0.0"
      }
    },
    "js-tokens": {
      "version": "4.0.0",
      "resolved": "https://registry.npmjs.org/js-tokens/-/js-tokens-4.0.0.tgz",
      "integrity": "sha512-RdJUflcE3cUzKiMqQgsCu06FPu9UdIJO0beYbPhHN4k6apgJtifcoCtT9bcxOpYBtpD2kCM6Sbzg4CausW/PKQ=="
    },
    "loose-envify": {
      "version": "1.4.0",
      "resolved": "https://registry.npmjs.org/loose-envify/-/loose-envify-1.4.0.tgz",
      "integrity": "sha512-lyuxPGr/Wfhrlem2CL/UcnUc1zcqKAImBDzukY7Y5F/yQiNdko6+fRLevlw1HgMySw7f611UIY408EtxRSoK3Q==",
      "requires": {
        "js-tokens": "^3.0.0 || ^4.0.0"
      }
    },
    "lower-case": {
      "version": "2.0.2",
      "resolved": "https://registry.npmjs.org/lower-case/-/lower-case-2.0.2.tgz",
      "integrity": "sha512-7fm3l3NAF9WfN6W3JOmf5drwpVqX78JtoGJ3A6W0a6ZnldM41w2fV5D490psKFTpMds8TJse/eHLFFsNHHjHgg==",
      "requires": {
        "tslib": "^2.0.3"
      }
    },
    "no-case": {
      "version": "3.0.4",
      "resolved": "https://registry.npmjs.org/no-case/-/no-case-3.0.4.tgz",
      "integrity": "sha512-fgAN3jGAh+RoxUGZHTSOLJIqUc2wmoBwGR4tbpNAKmmovFoWq0OdRkb0VkldReO2a2iBT/OEulG9XSUc10r3zg==",
      "requires": {
        "lower-case": "^2.0.2",
        "tslib": "^2.0.3"
      }
    },
    "object-assign": {
      "version": "4.1.1",
      "resolved": "https://registry.npmjs.org/object-assign/-/object-assign-4.1.1.tgz",
      "integrity": "sha512-rJgTQnkUnH1sFw8yT6VSU3zD3sWmu6sZhIseY8VX+GRu3P6F7Fu+JNDoXfklElbLJSnc3FUQHVe4cU5hj+BcUg=="
    },
    "param-case": {
      "version": "3.0.4",
      "resolved": "https://registry.npmjs.org/param-case/-/param-case-3.0.4.tgz",
      "integrity": "sha512-RXlj7zCYokReqWpOPH9oYivUzLYZ5vAPIfEmCTNViosC78F8F0H9y7T7gG2M39ymgutxF5gcFEsyZQSph9Bp3A==",
      "requires": {
        "dot-case": "^3.0.4",
        "tslib": "^2.0.3"
      }
    },
    "pascal-case": {
      "version": "3.1.2",
      "resolved": "https://registry.npmjs.org/pascal-case/-/pascal-case-3.1.2.tgz",
      "integrity": "sha512-uWlGT3YSnK9x3BQJaOdcZwrnV6hPpd8jFH1/ucpiLRPh/2zCVJKS19E4GvYHvaCcACn3foXZ0cLB9Wrx1KGe5g==",
      "requires": {
        "no-case": "^3.0.4",
        "tslib": "^2.0.3"
      }
    },
    "prop-types": {
      "version": "15.8.1",
      "resolved": "https://registry.npmjs.org/prop-types/-/prop-types-15.8.1.tgz",
      "integrity": "sha512-oj87CgZICdulUohogVAR7AjlC0327U4el4L6eAvOqCeudMDVU0NThNaV+b9Df4dXgSP1gXMTnPdhfe/2qDH5cg==",
      "requires": {
        "loose-envify": "^1.4.0",
        "object-assign": "^4.1.1",
        "react-is": "^16.13.1"
      }
    },
    "react-is": {
      "version": "16.13.1",
      "resolved": "https://registry.npmjs.org/react-is/-/react-is-16.13.1.tgz",
      "integrity": "sha512-24e6ynE2H+OKt4kqsOvNd8kBpV65zoxbA4BVsEOB3ARVWQki/DHzaUoC5KuON/BiccDaCCTZBuOcfZs70kR8bQ=="
    },
    "react-sortable-hoc": {
      "version": "1.11.0",
      "resolved": "https://registry.npmjs.org/react-sortable-hoc/-/react-sortable-hoc-1.11.0.tgz",
      "integrity": "sha512-v1CDCvdfoR3zLGNp6qsBa4J1BWMEVH25+UKxF/RvQRh+mrB+emqtVHMgZ+WreUiKJoEaiwYoScaueIKhMVBHUg==",
      "requires": {
        "@babel/runtime": "^7.2.0",
        "invariant": "^2.2.4",
        "prop-types": "^15.5.7"
      }
    },
    "react-sticky-box": {
      "version": "0.9.3",
      "resolved": "https://registry.npmjs.org/react-sticky-box/-/react-sticky-box-0.9.3.tgz",
      "integrity": "sha512-Y/qO7vTqAvXuRR6G6ZCW4fX2Bz0GZRwiiLTVeZN5CVz9wzs37ev0Xj3KSKF/PzF0jifwATivI4t24qXG8rSz4Q==",
      "requires": {
        "@babel/runtime": "^7.1.5",
        "resize-observer-polyfill": "^1.5.1"
      }
    },
    "regenerator-runtime": {
      "version": "0.13.9",
      "resolved": "https://registry.npmjs.org/regenerator-runtime/-/regenerator-runtime-0.13.9.tgz",
      "integrity": "sha512-p3VT+cOEgxFsRRA9X4lkI1E+k2/CtnKtU4gcxyaCUreilL/vqI6CdZ3wxVUx3UOUg+gnUOQQcRI7BmSI656MYA=="
    },
    "resize-observer-polyfill": {
      "version": "1.5.1",
      "resolved": "https://registry.npmjs.org/resize-observer-polyfill/-/resize-observer-polyfill-1.5.1.tgz",
      "integrity": "sha512-LwZrotdHOo12nQuZlHEmtuXdqGoOD0OhaxopaNFxWzInpEgaLWoVuAMbTzixuosCx2nEG58ngzW3vxdWoxIgdg=="
    },
    "tslib": {
      "version": "2.4.0",
      "resolved": "https://registry.npmjs.org/tslib/-/tslib-2.4.0.tgz",
      "integrity": "sha512-d6xOpEDfsi2CZVlPQzGeux8XMwLT9hssAsaPYExaQMuYskwb+x1x7J371tWlbBdWHroy99KnVB6qIkUbs5X3UQ=="
    },
    "upper-case": {
      "version": "2.0.2",
      "resolved": "https://registry.npmjs.org/upper-case/-/upper-case-2.0.2.tgz",
      "integrity": "sha512-KgdgDGJt2TpuwBUIjgG6lzw2GWFRCW9Qkfkiv0DxqHHLYJHmtmdUIKcZd8rHgFSjopVTlw6ggzCm1b8MFQwikg==",
      "requires": {
        "tslib": "^2.0.3"
      }
    }
  }
}
